// !$*UTF8*$!
{
	archiveVersion = 1;
	classes = {
	};
	objectVersion = 56;
	objects = {

/* Begin PBXBuildFile section */
		8C55703B2BA494D8002F612A /* Movie.swift in Sources */ = {isa = PBXBuildFile; fileRef = 8C55703A2BA494D8002F612A /* Movie.swift */; };
		8C55703D2BA494FA002F612A /* Genre.swift in Sources */ = {isa = PBXBuildFile; fileRef = 8C55703C2BA494FA002F612A /* Genre.swift */; };
		8C55703F2BA49520002F612A /* Status.swift in Sources */ = {isa = PBXBuildFile; fileRef = 8C55703E2BA49520002F612A /* Status.swift */; };
		8C5570412BA49535002F612A /* ProductionCompany.swift in Sources */ = {isa = PBXBuildFile; fileRef = 8C5570402BA49535002F612A /* ProductionCompany.swift */; };
		8C5570432BA4955E002F612A /* ProductionCountry.swift in Sources */ = {isa = PBXBuildFile; fileRef = 8C5570422BA4955E002F612A /* ProductionCountry.swift */; };
		8C5570452BA49579002F612A /* Company.swift in Sources */ = {isa = PBXBuildFile; fileRef = 8C5570442BA49579002F612A /* Company.swift */; };
		8C5570472BA49589002F612A /* Country.swift in Sources */ = {isa = PBXBuildFile; fileRef = 8C5570462BA49589002F612A /* Country.swift */; };
		8C5570492BA495A3002F612A /* SpokenLanguage.swift in Sources */ = {isa = PBXBuildFile; fileRef = 8C5570482BA495A3002F612A /* SpokenLanguage.swift */; };
		8C7152232BA437D40071B5BA /* Presentation.swift in Sources */ = {isa = PBXBuildFile; fileRef = 8C7152222BA437D40071B5BA /* Presentation.swift */; };
		8C7152262BA438920071B5BA /* PresentationData.swift in Sources */ = {isa = PBXBuildFile; fileRef = 8C7152252BA438920071B5BA /* PresentationData.swift */; };
		8C7152282BA43DE40071B5BA /* PresentationCardView.swift in Sources */ = {isa = PBXBuildFile; fileRef = 8C7152272BA43DE40071B5BA /* PresentationCardView.swift */; };
		8C71522A2BA440770071B5BA /* StartButtonView.swift in Sources */ = {isa = PBXBuildFile; fileRef = 8C7152292BA440770071B5BA /* StartButtonView.swift */; };
		8C71522D2BA4428F0071B5BA /* ContentView.swift in Sources */ = {isa = PBXBuildFile; fileRef = 8C71522C2BA4428F0071B5BA /* ContentView.swift */; };
		8C7152302BA4774A0071B5BA /* TMDb in Frameworks */ = {isa = PBXBuildFile; productRef = 8C71522F2BA4774A0071B5BA /* TMDb */; };
		8C7152342BA4781A0071B5BA /* environment.plist in Resources */ = {isa = PBXBuildFile; fileRef = 8C7152332BA4781A0071B5BA /* environment.plist */; };
		8C7152362BA479A70071B5BA /* PListManager.swift in Sources */ = {isa = PBXBuildFile; fileRef = 8C7152352BA479A70071B5BA /* PListManager.swift */; };
		8C98CA7E2BA20F7700D55DC5 /* WatowatchApp.swift in Sources */ = {isa = PBXBuildFile; fileRef = 8C98CA7D2BA20F7700D55DC5 /* WatowatchApp.swift */; };
		8C98CA802BA20F7700D55DC5 /* OnboardingView.swift in Sources */ = {isa = PBXBuildFile; fileRef = 8C98CA7F2BA20F7700D55DC5 /* OnboardingView.swift */; };
		8C98CA822BA20F7900D55DC5 /* Assets.xcassets in Resources */ = {isa = PBXBuildFile; fileRef = 8C98CA812BA20F7900D55DC5 /* Assets.xcassets */; };
		8C98CA852BA20F7900D55DC5 /* Preview Assets.xcassets in Resources */ = {isa = PBXBuildFile; fileRef = 8C98CA842BA20F7900D55DC5 /* Preview Assets.xcassets */; };
/* End PBXBuildFile section */

/* Begin PBXFileReference section */
		8C55703A2BA494D8002F612A /* Movie.swift */ = {isa = PBXFileReference; lastKnownFileType = sourcecode.swift; path = Movie.swift; sourceTree = "<group>"; };
		8C55703C2BA494FA002F612A /* Genre.swift */ = {isa = PBXFileReference; lastKnownFileType = sourcecode.swift; path = Genre.swift; sourceTree = "<group>"; };
		8C55703E2BA49520002F612A /* Status.swift */ = {isa = PBXFileReference; lastKnownFileType = sourcecode.swift; path = Status.swift; sourceTree = "<group>"; };
		8C5570402BA49535002F612A /* ProductionCompany.swift */ = {isa = PBXFileReference; lastKnownFileType = sourcecode.swift; path = ProductionCompany.swift; sourceTree = "<group>"; };
		8C5570422BA4955E002F612A /* ProductionCountry.swift */ = {isa = PBXFileReference; lastKnownFileType = sourcecode.swift; path = ProductionCountry.swift; sourceTree = "<group>"; };
		8C5570442BA49579002F612A /* Company.swift */ = {isa = PBXFileReference; lastKnownFileType = sourcecode.swift; path = Company.swift; sourceTree = "<group>"; };
		8C5570462BA49589002F612A /* Country.swift */ = {isa = PBXFileReference; lastKnownFileType = sourcecode.swift; path = Country.swift; sourceTree = "<group>"; };
		8C5570482BA495A3002F612A /* SpokenLanguage.swift */ = {isa = PBXFileReference; lastKnownFileType = sourcecode.swift; path = SpokenLanguage.swift; sourceTree = "<group>"; };
		8C7152222BA437D40071B5BA /* Presentation.swift */ = {isa = PBXFileReference; lastKnownFileType = sourcecode.swift; path = Presentation.swift; sourceTree = "<group>"; };
		8C7152252BA438920071B5BA /* PresentationData.swift */ = {isa = PBXFileReference; lastKnownFileType = sourcecode.swift; path = PresentationData.swift; sourceTree = "<group>"; };
		8C7152272BA43DE40071B5BA /* PresentationCardView.swift */ = {isa = PBXFileReference; lastKnownFileType = sourcecode.swift; path = PresentationCardView.swift; sourceTree = "<group>"; };
		8C7152292BA440770071B5BA /* StartButtonView.swift */ = {isa = PBXFileReference; lastKnownFileType = sourcecode.swift; path = StartButtonView.swift; sourceTree = "<group>"; };
		8C71522C2BA4428F0071B5BA /* ContentView.swift */ = {isa = PBXFileReference; lastKnownFileType = sourcecode.swift; path = ContentView.swift; sourceTree = "<group>"; };
		8C7152332BA4781A0071B5BA /* environment.plist */ = {isa = PBXFileReference; lastKnownFileType = text.plist.xml; path = environment.plist; sourceTree = "<group>"; };
		8C7152352BA479A70071B5BA /* PListManager.swift */ = {isa = PBXFileReference; lastKnownFileType = sourcecode.swift; path = PListManager.swift; sourceTree = "<group>"; };
		8C98CA7A2BA20F7700D55DC5 /* Watowatch.app */ = {isa = PBXFileReference; explicitFileType = wrapper.application; includeInIndex = 0; path = Watowatch.app; sourceTree = BUILT_PRODUCTS_DIR; };
		8C98CA7D2BA20F7700D55DC5 /* WatowatchApp.swift */ = {isa = PBXFileReference; lastKnownFileType = sourcecode.swift; path = WatowatchApp.swift; sourceTree = "<group>"; };
		8C98CA7F2BA20F7700D55DC5 /* OnboardingView.swift */ = {isa = PBXFileReference; lastKnownFileType = sourcecode.swift; path = OnboardingView.swift; sourceTree = "<group>"; };
		8C98CA812BA20F7900D55DC5 /* Assets.xcassets */ = {isa = PBXFileReference; lastKnownFileType = folder.assetcatalog; path = Assets.xcassets; sourceTree = "<group>"; };
		8C98CA842BA20F7900D55DC5 /* Preview Assets.xcassets */ = {isa = PBXFileReference; lastKnownFileType = folder.assetcatalog; path = "Preview Assets.xcassets"; sourceTree = "<group>"; };
/* End PBXFileReference section */

/* Begin PBXFrameworksBuildPhase section */
		8C98CA772BA20F7700D55DC5 /* Frameworks */ = {
			isa = PBXFrameworksBuildPhase;
			buildActionMask = 2147483647;
			files = (
				8C7152302BA4774A0071B5BA /* TMDb in Frameworks */,
			);
			runOnlyForDeploymentPostprocessing = 0;
		};
/* End PBXFrameworksBuildPhase section */

/* Begin PBXGroup section */
		8C71521D2BA433800071B5BA /* Models */ = {
			isa = PBXGroup;
			children = (
				8C7152222BA437D40071B5BA /* Presentation.swift */,
				8C55703A2BA494D8002F612A /* Movie.swift */,
				8C55703C2BA494FA002F612A /* Genre.swift */,
				8C55703E2BA49520002F612A /* Status.swift */,
				8C5570402BA49535002F612A /* ProductionCompany.swift */,
				8C5570422BA4955E002F612A /* ProductionCountry.swift */,
				8C5570442BA49579002F612A /* Company.swift */,
				8C5570462BA49589002F612A /* Country.swift */,
				8C5570482BA495A3002F612A /* SpokenLanguage.swift */,
			);
			path = Models;
			sourceTree = "<group>";
		};
		8C71521E2BA4338A0071B5BA /* Views */ = {
			isa = PBXGroup;
			children = (
				8C71522B2BA4407D0071B5BA /* Onboarding */,
				8C71522C2BA4428F0071B5BA /* ContentView.swift */,
			);
			path = Views;
			sourceTree = "<group>";
		};
		8C71521F2BA433A30071B5BA /* Services */ = {
			isa = PBXGroup;
			children = (
			);
			path = Services;
			sourceTree = "<group>";
		};
		8C7152242BA438880071B5BA /* Data */ = {
			isa = PBXGroup;
			children = (
				8C7152252BA438920071B5BA /* PresentationData.swift */,
			);
			path = Data;
			sourceTree = "<group>";
		};
		8C71522B2BA4407D0071B5BA /* Onboarding */ = {
			isa = PBXGroup;
			children = (
				8C98CA7F2BA20F7700D55DC5 /* OnboardingView.swift */,
				8C7152272BA43DE40071B5BA /* PresentationCardView.swift */,
				8C7152292BA440770071B5BA /* StartButtonView.swift */,
			);
			path = Onboarding;
			sourceTree = "<group>";
		};
		8C98CA712BA20F7700D55DC5 = {
			isa = PBXGroup;
			children = (
				8C98CA7C2BA20F7700D55DC5 /* Watowatch */,
				8C98CA7B2BA20F7700D55DC5 /* Products */,
			);
			sourceTree = "<group>";
		};
		8C98CA7B2BA20F7700D55DC5 /* Products */ = {
			isa = PBXGroup;
			children = (
				8C98CA7A2BA20F7700D55DC5 /* Watowatch.app */,
			);
			name = Products;
			sourceTree = "<group>";
		};
		8C98CA7C2BA20F7700D55DC5 /* Watowatch */ = {
			isa = PBXGroup;
			children = (
				8C7152242BA438880071B5BA /* Data */,
				8C71521F2BA433A30071B5BA /* Services */,
				8C71521E2BA4338A0071B5BA /* Views */,
				8C71521D2BA433800071B5BA /* Models */,
				8C98CA7D2BA20F7700D55DC5 /* WatowatchApp.swift */,
				8C98CA812BA20F7900D55DC5 /* Assets.xcassets */,
				8C98CA832BA20F7900D55DC5 /* Preview Content */,
				8C7152352BA479A70071B5BA /* PListManager.swift */,
				8C7152332BA4781A0071B5BA /* environment.plist */,
			);
			path = Watowatch;
			sourceTree = "<group>";
		};
		8C98CA832BA20F7900D55DC5 /* Preview Content */ = {
			isa = PBXGroup;
			children = (
				8C98CA842BA20F7900D55DC5 /* Preview Assets.xcassets */,
			);
			path = "Preview Content";
			sourceTree = "<group>";
		};
/* End PBXGroup section */

/* Begin PBXNativeTarget section */
		8C98CA792BA20F7700D55DC5 /* Watowatch */ = {
			isa = PBXNativeTarget;
			buildConfigurationList = 8C98CA882BA20F7900D55DC5 /* Build configuration list for PBXNativeTarget "Watowatch" */;
			buildPhases = (
				8C98CA762BA20F7700D55DC5 /* Sources */,
				8C98CA772BA20F7700D55DC5 /* Frameworks */,
				8C98CA782BA20F7700D55DC5 /* Resources */,
			);
			buildRules = (
			);
			dependencies = (
			);
			name = Watowatch;
			packageProductDependencies = (
				8C71522F2BA4774A0071B5BA /* TMDb */,
			);
			productName = Watowatch;
			productReference = 8C98CA7A2BA20F7700D55DC5 /* Watowatch.app */;
			productType = "com.apple.product-type.application";
		};
/* End PBXNativeTarget section */

/* Begin PBXProject section */
		8C98CA722BA20F7700D55DC5 /* Project object */ = {
			isa = PBXProject;
			attributes = {
				BuildIndependentTargetsInParallel = 1;
				LastSwiftUpdateCheck = 1530;
				LastUpgradeCheck = 1530;
				TargetAttributes = {
					8C98CA792BA20F7700D55DC5 = {
						CreatedOnToolsVersion = 15.3;
					};
				};
			};
			buildConfigurationList = 8C98CA752BA20F7700D55DC5 /* Build configuration list for PBXProject "Watowatch" */;
			compatibilityVersion = "Xcode 14.0";
			developmentRegion = en;
			hasScannedForEncodings = 0;
			knownRegions = (
				en,
				Base,
			);
			mainGroup = 8C98CA712BA20F7700D55DC5;
			packageReferences = (
				8C71522E2BA4774A0071B5BA /* XCRemoteSwiftPackageReference "TMDb" */,
			);
			productRefGroup = 8C98CA7B2BA20F7700D55DC5 /* Products */;
			projectDirPath = "";
			projectRoot = "";
			targets = (
				8C98CA792BA20F7700D55DC5 /* Watowatch */,
			);
		};
/* End PBXProject section */

/* Begin PBXResourcesBuildPhase section */
		8C98CA782BA20F7700D55DC5 /* Resources */ = {
			isa = PBXResourcesBuildPhase;
			buildActionMask = 2147483647;
			files = (
				8C98CA852BA20F7900D55DC5 /* Preview Assets.xcassets in Resources */,
				8C98CA822BA20F7900D55DC5 /* Assets.xcassets in Resources */,
				8C7152342BA4781A0071B5BA /* environment.plist in Resources */,
			);
			runOnlyForDeploymentPostprocessing = 0;
		};
/* End PBXResourcesBuildPhase section */

/* Begin PBXSourcesBuildPhase section */
		8C98CA762BA20F7700D55DC5 /* Sources */ = {
			isa = PBXSourcesBuildPhase;
			buildActionMask = 2147483647;
			files = (
				8C98CA802BA20F7700D55DC5 /* OnboardingView.swift in Sources */,
				8C5570432BA4955E002F612A /* ProductionCountry.swift in Sources */,
				8C7152232BA437D40071B5BA /* Presentation.swift in Sources */,
				8C5570492BA495A3002F612A /* SpokenLanguage.swift in Sources */,
				8C55703B2BA494D8002F612A /* Movie.swift in Sources */,
				8C71522D2BA4428F0071B5BA /* ContentView.swift in Sources */,
				8C55703F2BA49520002F612A /* Status.swift in Sources */,
				8C7152282BA43DE40071B5BA /* PresentationCardView.swift in Sources */,
				8C7152362BA479A70071B5BA /* PListManager.swift in Sources */,
				8C71522A2BA440770071B5BA /* StartButtonView.swift in Sources */,
				8C5570412BA49535002F612A /* ProductionCompany.swift in Sources */,
				8C98CA7E2BA20F7700D55DC5 /* WatowatchApp.swift in Sources */,
				8C5570452BA49579002F612A /* Company.swift in Sources */,
				8C7152262BA438920071B5BA /* PresentationData.swift in Sources */,
				8C5570472BA49589002F612A /* Country.swift in Sources */,
				8C55703D2BA494FA002F612A /* Genre.swift in Sources */,
			);
			runOnlyForDeploymentPostprocessing = 0;
		};
/* End PBXSourcesBuildPhase section */

/* Begin XCBuildConfiguration section */
		8C98CA862BA20F7900D55DC5 /* Debug */ = {
			isa = XCBuildConfiguration;
			buildSettings = {
				ALWAYS_SEARCH_USER_PATHS = NO;
				ASSETCATALOG_COMPILER_GENERATE_SWIFT_ASSET_SYMBOL_EXTENSIONS = YES;
				CLANG_ANALYZER_NONNULL = YES;
				CLANG_ANALYZER_NUMBER_OBJECT_CONVERSION = YES_AGGRESSIVE;
				CLANG_CXX_LANGUAGE_STANDARD = "gnu++20";
				CLANG_ENABLE_MODULES = YES;
				CLANG_ENABLE_OBJC_ARC = YES;
				CLANG_ENABLE_OBJC_WEAK = YES;
				CLANG_WARN_BLOCK_CAPTURE_AUTORELEASING = YES;
				CLANG_WARN_BOOL_CONVERSION = YES;
				CLANG_WARN_COMMA = YES;
				CLANG_WARN_CONSTANT_CONVERSION = YES;
				CLANG_WARN_DEPRECATED_OBJC_IMPLEMENTATIONS = YES;
				CLANG_WARN_DIRECT_OBJC_ISA_USAGE = YES_ERROR;
				CLANG_WARN_DOCUMENTATION_COMMENTS = YES;
				CLANG_WARN_EMPTY_BODY = YES;
				CLANG_WARN_ENUM_CONVERSION = YES;
				CLANG_WARN_INFINITE_RECURSION = YES;
				CLANG_WARN_INT_CONVERSION = YES;
				CLANG_WARN_NON_LITERAL_NULL_CONVERSION = YES;
				CLANG_WARN_OBJC_IMPLICIT_RETAIN_SELF = YES;
				CLANG_WARN_OBJC_LITERAL_CONVERSION = YES;
				CLANG_WARN_OBJC_ROOT_CLASS = YES_ERROR;
				CLANG_WARN_QUOTED_INCLUDE_IN_FRAMEWORK_HEADER = YES;
				CLANG_WARN_RANGE_LOOP_ANALYSIS = YES;
				CLANG_WARN_STRICT_PROTOTYPES = YES;
				CLANG_WARN_SUSPICIOUS_MOVE = YES;
				CLANG_WARN_UNGUARDED_AVAILABILITY = YES_AGGRESSIVE;
				CLANG_WARN_UNREACHABLE_CODE = YES;
				CLANG_WARN__DUPLICATE_METHOD_MATCH = YES;
				COPY_PHASE_STRIP = NO;
				DEBUG_INFORMATION_FORMAT = dwarf;
				ENABLE_STRICT_OBJC_MSGSEND = YES;
				ENABLE_TESTABILITY = YES;
				ENABLE_USER_SCRIPT_SANDBOXING = YES;
				GCC_C_LANGUAGE_STANDARD = gnu17;
				GCC_DYNAMIC_NO_PIC = NO;
				GCC_NO_COMMON_BLOCKS = YES;
				GCC_OPTIMIZATION_LEVEL = 0;
				GCC_PREPROCESSOR_DEFINITIONS = (
					"DEBUG=1",
					"$(inherited)",
				);
				GCC_WARN_64_TO_32_BIT_CONVERSION = YES;
				GCC_WARN_ABOUT_RETURN_TYPE = YES_ERROR;
				GCC_WARN_UNDECLARED_SELECTOR = YES;
				GCC_WARN_UNINITIALIZED_AUTOS = YES_AGGRESSIVE;
				GCC_WARN_UNUSED_FUNCTION = YES;
				GCC_WARN_UNUSED_VARIABLE = YES;
				IPHONEOS_DEPLOYMENT_TARGET = 17.4;
				LOCALIZATION_PREFERS_STRING_CATALOGS = YES;
				MTL_ENABLE_DEBUG_INFO = INCLUDE_SOURCE;
				MTL_FAST_MATH = YES;
				ONLY_ACTIVE_ARCH = YES;
				SDKROOT = iphoneos;
				SWIFT_ACTIVE_COMPILATION_CONDITIONS = "DEBUG $(inherited)";
				SWIFT_OPTIMIZATION_LEVEL = "-Onone";
			};
			name = Debug;
		};
		8C98CA872BA20F7900D55DC5 /* Release */ = {
			isa = XCBuildConfiguration;
			buildSettings = {
				ALWAYS_SEARCH_USER_PATHS = NO;
				ASSETCATALOG_COMPILER_GENERATE_SWIFT_ASSET_SYMBOL_EXTENSIONS = YES;
				CLANG_ANALYZER_NONNULL = YES;
				CLANG_ANALYZER_NUMBER_OBJECT_CONVERSION = YES_AGGRESSIVE;
				CLANG_CXX_LANGUAGE_STANDARD = "gnu++20";
				CLANG_ENABLE_MODULES = YES;
				CLANG_ENABLE_OBJC_ARC = YES;
				CLANG_ENABLE_OBJC_WEAK = YES;
				CLANG_WARN_BLOCK_CAPTURE_AUTORELEASING = YES;
				CLANG_WARN_BOOL_CONVERSION = YES;
				CLANG_WARN_COMMA = YES;
				CLANG_WARN_CONSTANT_CONVERSION = YES;
				CLANG_WARN_DEPRECATED_OBJC_IMPLEMENTATIONS = YES;
				CLANG_WARN_DIRECT_OBJC_ISA_USAGE = YES_ERROR;
				CLANG_WARN_DOCUMENTATION_COMMENTS = YES;
				CLANG_WARN_EMPTY_BODY = YES;
				CLANG_WARN_ENUM_CONVERSION = YES;
				CLANG_WARN_INFINITE_RECURSION = YES;
				CLANG_WARN_INT_CONVERSION = YES;
				CLANG_WARN_NON_LITERAL_NULL_CONVERSION = YES;
				CLANG_WARN_OBJC_IMPLICIT_RETAIN_SELF = YES;
				CLANG_WARN_OBJC_LITERAL_CONVERSION = YES;
				CLANG_WARN_OBJC_ROOT_CLASS = YES_ERROR;
				CLANG_WARN_QUOTED_INCLUDE_IN_FRAMEWORK_HEADER = YES;
				CLANG_WARN_RANGE_LOOP_ANALYSIS = YES;
				CLANG_WARN_STRICT_PROTOTYPES = YES;
				CLANG_WARN_SUSPICIOUS_MOVE = YES;
				CLANG_WARN_UNGUARDED_AVAILABILITY = YES_AGGRESSIVE;
				CLANG_WARN_UNREACHABLE_CODE = YES;
				CLANG_WARN__DUPLICATE_METHOD_MATCH = YES;
				COPY_PHASE_STRIP = NO;
				DEBUG_INFORMATION_FORMAT = "dwarf-with-dsym";
				ENABLE_NS_ASSERTIONS = NO;
				ENABLE_STRICT_OBJC_MSGSEND = YES;
				ENABLE_USER_SCRIPT_SANDBOXING = YES;
				GCC_C_LANGUAGE_STANDARD = gnu17;
				GCC_NO_COMMON_BLOCKS = YES;
				GCC_WARN_64_TO_32_BIT_CONVERSION = YES;
				GCC_WARN_ABOUT_RETURN_TYPE = YES_ERROR;
				GCC_WARN_UNDECLARED_SELECTOR = YES;
				GCC_WARN_UNINITIALIZED_AUTOS = YES_AGGRESSIVE;
				GCC_WARN_UNUSED_FUNCTION = YES;
				GCC_WARN_UNUSED_VARIABLE = YES;
				IPHONEOS_DEPLOYMENT_TARGET = 17.4;
				LOCALIZATION_PREFERS_STRING_CATALOGS = YES;
				MTL_ENABLE_DEBUG_INFO = NO;
				MTL_FAST_MATH = YES;
				SDKROOT = iphoneos;
				SWIFT_COMPILATION_MODE = wholemodule;
				VALIDATE_PRODUCT = YES;
			};
			name = Release;
		};
		8C98CA892BA20F7900D55DC5 /* Debug */ = {
			isa = XCBuildConfiguration;
			buildSettings = {
				ASSETCATALOG_COMPILER_APPICON_NAME = AppIcon;
				ASSETCATALOG_COMPILER_GLOBAL_ACCENT_COLOR_NAME = AccentColor;
				CODE_SIGN_STYLE = Automatic;
				CURRENT_PROJECT_VERSION = 1;
				DEVELOPMENT_ASSET_PATHS = "\"Watowatch/Preview Content\"";
				DEVELOPMENT_TEAM = 6UJQF34MZK;
				ENABLE_PREVIEWS = YES;
				GENERATE_INFOPLIST_FILE = YES;
				INFOPLIST_KEY_UIApplicationSceneManifest_Generation = YES;
				INFOPLIST_KEY_UIApplicationSupportsIndirectInputEvents = YES;
				INFOPLIST_KEY_UILaunchScreen_Generation = YES;
				INFOPLIST_KEY_UISupportedInterfaceOrientations_iPad = "UIInterfaceOrientationPortrait UIInterfaceOrientationPortraitUpsideDown UIInterfaceOrientationLandscapeLeft UIInterfaceOrientationLandscapeRight";
				INFOPLIST_KEY_UISupportedInterfaceOrientations_iPhone = "UIInterfaceOrientationPortrait UIInterfaceOrientationLandscapeLeft UIInterfaceOrientationLandscapeRight";
				LD_RUNPATH_SEARCH_PATHS = (
					"$(inherited)",
					"@executable_path/Frameworks",
				);
				MARKETING_VERSION = 1.0;
				PRODUCT_BUNDLE_IDENTIFIER = com.wolfwatcher.Watowatch;
				PRODUCT_NAME = "$(TARGET_NAME)";
				SWIFT_EMIT_LOC_STRINGS = YES;
				SWIFT_VERSION = 5.0;
				TARGETED_DEVICE_FAMILY = "1,2";
			};
			name = Debug;
		};
		8C98CA8A2BA20F7900D55DC5 /* Release */ = {
			isa = XCBuildConfiguration;
			buildSettings = {
				ASSETCATALOG_COMPILER_APPICON_NAME = AppIcon;
				ASSETCATALOG_COMPILER_GLOBAL_ACCENT_COLOR_NAME = AccentColor;
				CODE_SIGN_STYLE = Automatic;
				CURRENT_PROJECT_VERSION = 1;
				DEVELOPMENT_ASSET_PATHS = "\"Watowatch/Preview Content\"";
				DEVELOPMENT_TEAM = 6UJQF34MZK;
				ENABLE_PREVIEWS = YES;
				GENERATE_INFOPLIST_FILE = YES;
				INFOPLIST_KEY_UIApplicationSceneManifest_Generation = YES;
				INFOPLIST_KEY_UIApplicationSupportsIndirectInputEvents = YES;
				INFOPLIST_KEY_UILaunchScreen_Generation = YES;
				INFOPLIST_KEY_UISupportedInterfaceOrientations_iPad = "UIInterfaceOrientationPortrait UIInterfaceOrientationPortraitUpsideDown UIInterfaceOrientationLandscapeLeft UIInterfaceOrientationLandscapeRight";
				INFOPLIST_KEY_UISupportedInterfaceOrientations_iPhone = "UIInterfaceOrientationPortrait UIInterfaceOrientationLandscapeLeft UIInterfaceOrientationLandscapeRight";
				LD_RUNPATH_SEARCH_PATHS = (
					"$(inherited)",
					"@executable_path/Frameworks",
				);
				MARKETING_VERSION = 1.0;
				PRODUCT_BUNDLE_IDENTIFIER = com.wolfwatcher.Watowatch;
				PRODUCT_NAME = "$(TARGET_NAME)";
				SWIFT_EMIT_LOC_STRINGS = YES;
				SWIFT_VERSION = 5.0;
				TARGETED_DEVICE_FAMILY = "1,2";
			};
			name = Release;
		};
/* End XCBuildConfiguration section */

/* Begin XCConfigurationList section */
		8C98CA752BA20F7700D55DC5 /* Build configuration list for PBXProject "Watowatch" */ = {
			isa = XCConfigurationList;
			buildConfigurations = (
				8C98CA862BA20F7900D55DC5 /* Debug */,
				8C98CA872BA20F7900D55DC5 /* Release */,
			);
			defaultConfigurationIsVisible = 0;
			defaultConfigurationName = Release;
		};
		8C98CA882BA20F7900D55DC5 /* Build configuration list for PBXNativeTarget "Watowatch" */ = {
			isa = XCConfigurationList;
			buildConfigurations = (
				8C98CA892BA20F7900D55DC5 /* Debug */,
				8C98CA8A2BA20F7900D55DC5 /* Release */,
			);
			defaultConfigurationIsVisible = 0;
			defaultConfigurationName = Release;
		};
/* End XCConfigurationList section */

/* Begin XCRemoteSwiftPackageReference section */
		8C71522E2BA4774A0071B5BA /* XCRemoteSwiftPackageReference "TMDb" */ = {
			isa = XCRemoteSwiftPackageReference;
			repositoryURL = "https://github.com/adamayoung/TMDb";
			requirement = {
				kind = upToNextMajorVersion;
				minimumVersion = 11.1.0;
			};
		};
/* End XCRemoteSwiftPackageReference section */

/* Begin XCSwiftPackageProductDependency section */
		8C71522F2BA4774A0071B5BA /* TMDb */ = {
			isa = XCSwiftPackageProductDependency;
			package = 8C71522E2BA4774A0071B5BA /* XCRemoteSwiftPackageReference "TMDb" */;
			productName = TMDb;
		};
/* End XCSwiftPackageProductDependency section */
	};
	rootObject = 8C98CA722BA20F7700D55DC5 /* Project object */;
}
